github.com/ajeddeloh/go-json v0.0.0-20200220154158-5ae607161559 h1:4SPQljF/GJ8Q+QlCWMWxRBepub4DresnOm4eI2ebFGc=
github.com/ajeddeloh/go-json v0.0.0-20200220154158-5ae607161559/go.mod h1:otnto4/Icqn88WCcM4bhIJNSgsh9VLBuspyyCfvof9c=
github.com/aws/aws-sdk-go v1.47.9 h1:rarTsos0mA16q+huicGx0e560aYRtOucV5z2Mw23JRY=
github.com/aws/aws-sdk-go v1.47.9/go.mod h1:LF8svs817+Nz+DmiMQKTO3ubZ/6IaTpq3TjupRn3Eqk=
github.com/clarketm/json v1.17.1 h1:U1IxjqJkJ7bRK4L6dyphmoO840P6bdhPdbbLySourqI=
github.com/clarketm/json v1.17.1/go.mod h1:ynr2LRfb0fQU34l07csRNBTcivjySLLiY1YzQqKVfdo=
github.com/coreos/go-json v0.0.0-20230131223807-18775e0fb4fb h1:rmqyI19j3Z/74bIRhuC59RB442rXUazKNueVpfJPxg4=
github.com/coreos/go-json v0.0.0-20230131223807-18775e0fb4fb/go.mod h1:rcFZM3uxVvdyNmsAV2jopgPD1cs5SPWJWU5dOz2LUnw=
github.com/coreos/go-semver v0.3.1 h1:yi21YpKnrx1gt5R+la8n5WgS0kCrsPp33dmEyHReZr4=
github.com/coreos/go-semver v0.3.1/go.mod h1:irMmmIw/7yzSRPWryHsK7EYSg09caPQL03VsM8rvUec=
github.com/coreos/go-systemd v0.0.0-20181031085051-9002847aa142 h1:3jFq2xL4ZajGK4aZY8jz+DAF0FHjI51BXjjSwCzS1Dk=
github.com/coreos/go-systemd v0.0.0-20181031085051-9002847aa142/go.mod h1:F5haX7vjVVG0kc13fIWeqUViNPyEJxv/OmvnBo0Yme4=
github.com/coreos/go-systemd/v22 v22.5.0 h1:RrqgGjYQKalulkV8NGVIfkXQf6YYmOyiJKk8iXXhfZs=
github.com/coreos/go-systemd/v22 v22.5.0/go.mod h1:Y58oyj3AT4RCenI/lSvhwexgC+NSVTIJ3seZv2GcEnc=
github.com/coreos/ignition v0.35.0 h1:UFodoYq1mOPrbEjtxIsZbThcDyQwAI1owczRDqWmKkQ=
github.com/coreos/ignition v0.35.0/go.mod h1:WJQapxzEn9DE0ryxsGvm8QnBajm/XsS/PkrDqSpz+bA=
github.com/coreos/ignition/v2 v2.17.0 h1:bBqoZ9HYuIq20hbkb1ucypA7tMi9k/iouPnLNFZQXGM=
github.com/coreos/ignition/v2 v2.17.0/go.mod h1:BFL205qhVgftPJ1nej+C/VPrK6Hl3LlZUhqmhV/HUuA=
github.com/coreos/vcontext v0.0.0-20230201181013-d72178a18687 h1:uSmlDgJGbUB0bwQBcZomBTottKwEDF5fF8UjSwKSzWM=
github.com/coreos/vcontext v0.0.0-20230201181013-d72178a18687/go.mod h1:Salmysdw7DAVuobBW/LwsKKgpyCPHUhjyJoMJD+ZJiI=
github.com/davecgh/go-spew v1.1.1 h1:vj9j/u1bqnvCEfJOwUhtlOARqs3+rkHYY13jYWTU97c=
github.com/davecgh/go-spew v1.1.1/go.mod h1:J7Y8YcW2NihsgmVo/mv3lAwl/skON4iLHjSsI+c5H38=
github.com/godbus/dbus/v5 v5.0.4/go.mod h1:xhWf0FNVPg57R7Z0UbKHbJfkEywrmjJnf7w5xrFpKfA=
github.com/pmezard/go-difflib v1.0.0 h1:4DBwDE0NGyQoBHbLQYPwSUPoCMWR5BEzIk/f1lZbAQM=
github.com/pmezard/go-difflib v1.0.0/go.mod h1:iKH77koFhYxTK1pcRnkKkqfTogsbg7gZNVY4sRDYZ/4=
github.com/stretchr/testify v1.8.4 h1:CcVxjf3Q8PM0mHUKJCdn+eZZtm5yQwehR5yeSVQQcUk=
github.com/stretchr/testify v1.8.4/go.mod h1:sz/lmYIOXD/1dqDmKjjqLyZ2RngseejIcXlSw2iwfAo=
github.com/vincent-petithory/dataurl v1.0.0 h1:cXw+kPto8NLuJtlMsI152irrVw9fRDX8AbShPRpg2CI=
github.com/vincent-petithory/dataurl v1.0.0/go.mod h1:FHafX5vmDzyP+1CQATJn7WFKc9CvnvxyvZy6I1MrG/U=
go4.org v0.0.0-20200104003542-c7e774b10ea0 h1:M6XsnQeLwG+rHQ+/rrGh3puBI3WZEy9TBWmf2H+enQA=
go4.org v0.0.0-20200104003542-c7e774b10ea0/go.mod h1:MkTOUMDaeVYJUOUsaDXIhWPZYa1yOyC1qaOBpL57BhE=
gopkg.in/check.v1 v0.0.0-20161208181325-20d25e280405 h1:yhCVgyC4o1eVCa2tZl7eS0r+SDo693bJlVdllGtEeKM=
gopkg.in/check.v1 v0.0.0-20161208181325-20d25e280405/go.mod h1:Co6ibVJAznAaIkqp8huTwlJQCZ016jof/cbN4VW5Yz0=
gopkg.in/yaml.v3 v3.0.1 h1:fxVm/GzAzEWqLHuvctI91KS9hhNmmWOoWu0XTYJS7CA=
gopkg.in/yaml.v3 v3.0.1/go.mod h1:K4uyk7z7BCEPqu6E+C64Yfv1cQ7kz7rIZviUmN+EgEM=
